
Microsoft Visual Studio Solution File, Format Version 12.00
# Visual Studio Version 17
VisualStudioVersion = 17.0.31903.59
MinimumVisualStudioVersion = 10.0.40219.1
Project("{9A19103F-16F7-4668-BE54-9A1E7A4F7556}") = "EndpointGenerator.Attributes", "src\EndpointGenerator.Attributes\EndpointGenerator.Attributes.csproj", "{2516AC7A-28A3-4429-B886-D060C118D513}"
EndProject
Project("{9A19103F-16F7-4668-BE54-9A1E7A4F7556}") = "EndpointGenerator", "src\EndpointGenerator\EndpointGenerator.csproj", "{A4B64658-5D89-4287-A18C-ADA8BF9A10F9}"
EndProject
Project("{9A19103F-16F7-4668-BE54-9A1E7A4F7556}") = "EndpointGenerator.Tests", "src\EndpointGenerator.Tests\EndpointGenerator.Tests.csproj", "{17F1DAB6-47B1-47EA-BAD7-38EBB937A0F6}"
EndProject
Project("{2150E333-8FDC-42A3-9474-1A3956D46DE8}") = "Solution Items", "Solution Items", "{CCAE0B0B-7A73-4200-9CC8-1B1A95406624}"
	ProjectSection(SolutionItems) = preProject
		.github\workflows\build.yml = .github\workflows\build.yml
	EndProjectSection
EndProject
Global
	GlobalSection(SolutionConfigurationPlatforms) = preSolution
		Debug|Any CPU = Debug|Any CPU
		Release|Any CPU = Release|Any CPU
	EndGlobalSection
	GlobalSection(ProjectConfigurationPlatforms) = postSolution
		{2516AC7A-28A3-4429-B886-D060C118D513}.Debug|Any CPU.ActiveCfg = Debug|Any CPU
		{2516AC7A-28A3-4429-B886-D060C118D513}.Debug|Any CPU.Build.0 = Debug|Any CPU
		{2516AC7A-28A3-4429-B886-D060C118D513}.Release|Any CPU.ActiveCfg = Release|Any CPU
		{2516AC7A-28A3-4429-B886-D060C118D513}.Release|Any CPU.Build.0 = Release|Any CPU
		{A4B64658-5D89-4287-A18C-ADA8BF9A10F9}.Debug|Any CPU.ActiveCfg = Debug|Any CPU
		{A4B64658-5D89-4287-A18C-ADA8BF9A10F9}.Debug|Any CPU.Build.0 = Debug|Any CPU
		{A4B64658-5D89-4287-A18C-ADA8BF9A10F9}.Release|Any CPU.ActiveCfg = Release|Any CPU
		{A4B64658-5D89-4287-A18C-ADA8BF9A10F9}.Release|Any CPU.Build.0 = Release|Any CPU
		{17F1DAB6-47B1-47EA-BAD7-38EBB937A0F6}.Debug|Any CPU.ActiveCfg = Debug|Any CPU
		{17F1DAB6-47B1-47EA-BAD7-38EBB937A0F6}.Debug|Any CPU.Build.0 = Debug|Any CPU
		{17F1DAB6-47B1-47EA-BAD7-38EBB937A0F6}.Release|Any CPU.ActiveCfg = Release|Any CPU
		{17F1DAB6-47B1-47EA-BAD7-38EBB937A0F6}.Release|Any CPU.Build.0 = Release|Any CPU
	EndGlobalSection
	GlobalSection(SolutionProperties) = preSolution
		HideSolutionNode = FALSE
	EndGlobalSection
	GlobalSection(ExtensibilityGlobals) = postSolution
		SolutionGuid = {5BD706FC-E351-496F-8786-BB04D975C58A}
	EndGlobalSection
EndGlobal
